
Microsoft Visual Studio Solution File, Format Version 12.00
# Visual Studio Version 16
VisualStudioVersion = 16.0.30503.244
MinimumVisualStudioVersion = 10.0.40219.1
Project("{FAE04EC0-301F-11D3-BF4B-00C04F79EFBC}") = "Covid19", "Covid19\Covid19.csproj", "{7F27A345-0051-4B53-874B-9C97B6E06A71}"
EndProject
Global
	GlobalSection(SolutionConfigurationPlatforms) = preSolution
		Debug|Any CPU = Debug|Any CPU
		Release|Any CPU = Release|Any CPU
	EndGlobalSection
	GlobalSection(ProjectConfigurationPlatforms) = postSolution
		{7F27A345-0051-4B53-874B-9C97B6E06A71}.Debug|Any CPU.ActiveCfg = Debug|Any CPU
		{7F27A345-0051-4B53-874B-9C97B6E06A71}.Debug|Any CPU.Build.0 = Debug|Any CPU
		{7F27A345-0051-4B53-874B-9C97B6E06A71}.Release|Any CPU.ActiveCfg = Release|Any CPU
		{7F27A345-0051-4B53-874B-9C97B6E06A71}.Release|Any CPU.Build.0 = Release|Any CPU
	EndGlobalSection
	GlobalSection(SolutionProperties) = preSolution
		HideSolutionNode = FALSE
	EndGlobalSection
	GlobalSection(ExtensibilityGlobals) = postSolution
		SolutionGuid = {60E86C65-4DC0-417D-B535-9A800C1109CC}
	EndGlobalSection
EndGlobal
